// !$*UTF8*$!
{
	archiveVersion = 1;
	classes = {
	};
	objectVersion = 50;
	objects = {

/* Begin PBXBuildFile section */
		1866A7F42091B2E200ED9502 /* AppDelegate.swift in Sources */ = {isa = PBXBuildFile; fileRef = 1866A7F32091B2E200ED9502 /* AppDelegate.swift */; };
		1866A7F62091B2E200ED9502 /* ViewController.swift in Sources */ = {isa = PBXBuildFile; fileRef = 1866A7F52091B2E200ED9502 /* ViewController.swift */; };
		1866A7F92091B2E200ED9502 /* Main.storyboard in Resources */ = {isa = PBXBuildFile; fileRef = 1866A7F72091B2E200ED9502 /* Main.storyboard */; };
		1866A7FB2091B2E300ED9502 /* Assets.xcassets in Resources */ = {isa = PBXBuildFile; fileRef = 1866A7FA2091B2E300ED9502 /* Assets.xcassets */; };
		1866A7FE2091B2E300ED9502 /* LaunchScreen.storyboard in Resources */ = {isa = PBXBuildFile; fileRef = 1866A7FC2091B2E300ED9502 /* LaunchScreen.storyboard */; };
		1866A8092091B2E300ED9502 /* SwitchDemoTests.swift in Sources */ = {isa = PBXBuildFile; fileRef = 1866A8082091B2E300ED9502 /* SwitchDemoTests.swift */; };
		1866A8142091B2E300ED9502 /* SwitchDemoUITests.swift in Sources */ = {isa = PBXBuildFile; fileRef = 1866A8132091B2E300ED9502 /* SwitchDemoUITests.swift */; };
		1866A8222091B37600ED9502 /* ZLSwitchView.swift in Sources */ = {isa = PBXBuildFile; fileRef = 1866A8212091B37600ED9502 /* ZLSwitchView.swift */; };
/* End PBXBuildFile section */

/* Begin PBXContainerItemProxy section */
		1866A8052091B2E300ED9502 /* PBXContainerItemProxy */ = {
			isa = PBXContainerItemProxy;
			containerPortal = 1866A7E82091B2E200ED9502 /* Project object */;
			proxyType = 1;
			remoteGlobalIDString = 1866A7EF2091B2E200ED9502;
			remoteInfo = SwitchDemo;
		};
		1866A8102091B2E300ED9502 /* PBXContainerItemProxy */ = {
			isa = PBXContainerItemProxy;
			containerPortal = 1866A7E82091B2E200ED9502 /* Project object */;
			proxyType = 1;
			remoteGlobalIDString = 1866A7EF2091B2E200ED9502;
			remoteInfo = SwitchDemo;
		};
/* End PBXContainerItemProxy section */

/* Begin PBXFileReference section */
		1866A7F02091B2E200ED9502 /* SwitchDemo.app */ = {isa = PBXFileReference; explicitFileType = wrapper.application; includeInIndex = 0; path = SwitchDemo.app; sourceTree = BUILT_PRODUCTS_DIR; };
		1866A7F32091B2E200ED9502 /* AppDelegate.swift */ = {isa = PBXFileReference; lastKnownFileType = sourcecode.swift; path = AppDelegate.swift; sourceTree = "<group>"; };
		1866A7F52091B2E200ED9502 /* ViewController.swift */ = {isa = PBXFileReference; lastKnownFileType = sourcecode.swift; path = ViewController.swift; sourceTree = "<group>"; };
		1866A7F82091B2E200ED9502 /* Base */ = {isa = PBXFileReference; lastKnownFileType = file.storyboard; name = Base; path = Base.lproj/Main.storyboard; sourceTree = "<group>"; };
		1866A7FA2091B2E300ED9502 /* Assets.xcassets */ = {isa = PBXFileReference; lastKnownFileType = folder.assetcatalog; path = Assets.xcassets; sourceTree = "<group>"; };
		1866A7FD2091B2E300ED9502 /* Base */ = {isa = PBXFileReference; lastKnownFileType = file.storyboard; name = Base; path = Base.lproj/LaunchScreen.storyboard; sourceTree = "<group>"; };
		1866A7FF2091B2E300ED9502 /* Info.plist */ = {isa = PBXFileReference; lastKnownFileType = text.plist.xml; path = Info.plist; sourceTree = "<group>"; };
		1866A8042091B2E300ED9502 /* SwitchDemoTests.xctest */ = {isa = PBXFileReference; explicitFileType = wrapper.cfbundle; includeInIndex = 0; path = SwitchDemoTests.xctest; sourceTree = BUILT_PRODUCTS_DIR; };
		1866A8082091B2E300ED9502 /* SwitchDemoTests.swift */ = {isa = PBXFileReference; lastKnownFileType = sourcecode.swift; path = SwitchDemoTests.swift; sourceTree = "<group>"; };
		1866A80A2091B2E300ED9502 /* Info.plist */ = {isa = PBXFileReference; lastKnownFileType = text.plist.xml; path = Info.plist; sourceTree = "<group>"; };
		1866A80F2091B2E300ED9502 /* SwitchDemoUITests.xctest */ = {isa = PBXFileReference; explicitFileType = wrapper.cfbundle; includeInIndex = 0; path = SwitchDemoUITests.xctest; sourceTree = BUILT_PRODUCTS_DIR; };
		1866A8132091B2E300ED9502 /* SwitchDemoUITests.swift */ = {isa = PBXFileReference; lastKnownFileType = sourcecode.swift; path = SwitchDemoUITests.swift; sourceTree = "<group>"; };
		1866A8152091B2E300ED9502 /* Info.plist */ = {isa = PBXFileReference; lastKnownFileType = text.plist.xml; path = Info.plist; sourceTree = "<group>"; };
		1866A8212091B37600ED9502 /* ZLSwitchView.swift */ = {isa = PBXFileReference; lastKnownFileType = sourcecode.swift; path = ZLSwitchView.swift; sourceTree = "<group>"; };
/* End PBXFileReference section */

/* Begin PBXFrameworksBuildPhase section */
		1866A7ED2091B2E200ED9502 /* Frameworks */ = {
			isa = PBXFrameworksBuildPhase;
			buildActionMask = 2147483647;
			files = (
			);
			runOnlyForDeploymentPostprocessing = 0;
		};
		1866A8012091B2E300ED9502 /* Frameworks */ = {
			isa = PBXFrameworksBuildPhase;
			buildActionMask = 2147483647;
			files = (
			);
			runOnlyForDeploymentPostprocessing = 0;
		};
		1866A80C2091B2E300ED9502 /* Frameworks */ = {
			isa = PBXFrameworksBuildPhase;
			buildActionMask = 2147483647;
			files = (
			);
			runOnlyForDeploymentPostprocessing = 0;
		};
/* End PBXFrameworksBuildPhase section */

/* Begin PBXGroup section */
		1866A7E72091B2E200ED9502 = {
			isa = PBXGroup;
			children = (
				1866A7F22091B2E200ED9502 /* SwitchDemo */,
				1866A8072091B2E300ED9502 /* SwitchDemoTests */,
				1866A8122091B2E300ED9502 /* SwitchDemoUITests */,
				1866A7F12091B2E200ED9502 /* Products */,
			);
			sourceTree = "<group>";
		};
		1866A7F12091B2E200ED9502 /* Products */ = {
			isa = PBXGroup;
			children = (
				1866A7F02091B2E200ED9502 /* SwitchDemo.app */,
				1866A8042091B2E300ED9502 /* SwitchDemoTests.xctest */,
				1866A80F2091B2E300ED9502 /* SwitchDemoUITests.xctest */,
			);
			name = Products;
			sourceTree = "<group>";
		};
		1866A7F22091B2E200ED9502 /* SwitchDemo */ = {
			isa = PBXGroup;
			children = (
				1866A7F32091B2E200ED9502 /* AppDelegate.swift */,
				1866A7F52091B2E200ED9502 /* ViewController.swift */,
				1866A7F72091B2E200ED9502 /* Main.storyboard */,
				1866A7FA2091B2E300ED9502 /* Assets.xcassets */,
				1866A7FC2091B2E300ED9502 /* LaunchScreen.storyboard */,
				1866A7FF2091B2E300ED9502 /* Info.plist */,
				1866A8212091B37600ED9502 /* ZLSwitchView.swift */,
			);
			path = SwitchDemo;
			sourceTree = "<group>";
		};
		1866A8072091B2E300ED9502 /* SwitchDemoTests */ = {
			isa = PBXGroup;
			children = (
				1866A8082091B2E300ED9502 /* SwitchDemoTests.swift */,
				1866A80A2091B2E300ED9502 /* Info.plist */,
			);
			path = SwitchDemoTests;
			sourceTree = "<group>";
		};
		1866A8122091B2E300ED9502 /* SwitchDemoUITests */ = {
			isa = PBXGroup;
			children = (
				1866A8132091B2E300ED9502 /* SwitchDemoUITests.swift */,
				1866A8152091B2E300ED9502 /* Info.plist */,
			);
			path = SwitchDemoUITests;
			sourceTree = "<group>";
		};
/* End PBXGroup section */

/* Begin PBXNativeTarget section */
		1866A7EF2091B2E200ED9502 /* SwitchDemo */ = {
			isa = PBXNativeTarget;
			buildConfigurationList = 1866A8182091B2E300ED9502 /* Build configuration list for PBXNativeTarget "SwitchDemo" */;
			buildPhases = (
				1866A7EC2091B2E200ED9502 /* Sources */,
				1866A7ED2091B2E200ED9502 /* Frameworks */,
				1866A7EE2091B2E200ED9502 /* Resources */,
				1837D134209AAD3200441D9B /* ShellScript */,
			);
			buildRules = (
			);
			dependencies = (
			);
			name = SwitchDemo;
			productName = SwitchDemo;
			productReference = 1866A7F02091B2E200ED9502 /* SwitchDemo.app */;
			productType = "com.apple.product-type.application";
		};
		1866A8032091B2E300ED9502 /* SwitchDemoTests */ = {
			isa = PBXNativeTarget;
			buildConfigurationList = 1866A81B2091B2E300ED9502 /* Build configuration list for PBXNativeTarget "SwitchDemoTests" */;
			buildPhases = (
				1866A8002091B2E300ED9502 /* Sources */,
				1866A8012091B2E300ED9502 /* Frameworks */,
				1866A8022091B2E300ED9502 /* Resources */,
			);
			buildRules = (
			);
			dependencies = (
				1866A8062091B2E300ED9502 /* PBXTargetDependency */,
			);
			name = SwitchDemoTests;
			productName = SwitchDemoTests;
			productReference = 1866A8042091B2E300ED9502 /* SwitchDemoTests.xctest */;
			productType = "com.apple.product-type.bundle.unit-test";
		};
		1866A80E2091B2E300ED9502 /* SwitchDemoUITests */ = {
			isa = PBXNativeTarget;
			buildConfigurationList = 1866A81E2091B2E300ED9502 /* Build configuration list for PBXNativeTarget "SwitchDemoUITests" */;
			buildPhases = (
				1866A80B2091B2E300ED9502 /* Sources */,
				1866A80C2091B2E300ED9502 /* Frameworks */,
				1866A80D2091B2E300ED9502 /* Resources */,
			);
			buildRules = (
			);
			dependencies = (
				1866A8112091B2E300ED9502 /* PBXTargetDependency */,
			);
			name = SwitchDemoUITests;
			productName = SwitchDemoUITests;
			productReference = 1866A80F2091B2E300ED9502 /* SwitchDemoUITests.xctest */;
			productType = "com.apple.product-type.bundle.ui-testing";
		};
/* End PBXNativeTarget section */

/* Begin PBXProject section */
		1866A7E82091B2E200ED9502 /* Project object */ = {
			isa = PBXProject;
			attributes = {
				LastSwiftUpdateCheck = 0930;
				LastUpgradeCheck = 0930;
				ORGANIZATIONNAME = LittleShrimp;
				TargetAttributes = {
					1866A7EF2091B2E200ED9502 = {
						CreatedOnToolsVersion = 9.3;
					};
					1866A8032091B2E300ED9502 = {
						CreatedOnToolsVersion = 9.3;
						TestTargetID = 1866A7EF2091B2E200ED9502;
					};
					1866A80E2091B2E300ED9502 = {
						CreatedOnToolsVersion = 9.3;
						TestTargetID = 1866A7EF2091B2E200ED9502;
					};
				};
			};
			buildConfigurationList = 1866A7EB2091B2E200ED9502 /* Build configuration list for PBXProject "SwitchDemo" */;
			compatibilityVersion = "Xcode 9.3";
			developmentRegion = en;
			hasScannedForEncodings = 0;
			knownRegions = (
				en,
				Base,
			);
			mainGroup = 1866A7E72091B2E200ED9502;
			productRefGroup = 1866A7F12091B2E200ED9502 /* Products */;
			projectDirPath = "";
			projectRoot = "";
			targets = (
				1866A7EF2091B2E200ED9502 /* SwitchDemo */,
				1866A8032091B2E300ED9502 /* SwitchDemoTests */,
				1866A80E2091B2E300ED9502 /* SwitchDemoUITests */,
			);
		};
/* End PBXProject section */

/* Begin PBXResourcesBuildPhase section */
		1866A7EE2091B2E200ED9502 /* Resources */ = {
			isa = PBXResourcesBuildPhase;
			buildActionMask = 2147483647;
			files = (
				1866A7FE2091B2E300ED9502 /* LaunchScreen.storyboard in Resources */,
				1866A7FB2091B2E300ED9502 /* Assets.xcassets in Resources */,
				1866A7F92091B2E200ED9502 /* Main.storyboard in Resources */,
			);
			runOnlyForDeploymentPostprocessing = 0;
		};
		1866A8022091B2E300ED9502 /* Resources */ = {
			isa = PBXResourcesBuildPhase;
			buildActionMask = 2147483647;
			files = (
			);
			runOnlyForDeploymentPostprocessing = 0;
		};
		1866A80D2091B2E300ED9502 /* Resources */ = {
			isa = PBXResourcesBuildPhase;
			buildActionMask = 2147483647;
			files = (
			);
			runOnlyForDeploymentPostprocessing = 0;
		};
/* End PBXResourcesBuildPhase section */

/* Begin PBXShellScriptBuildPhase section */
		1837D134209AAD3200441D9B /* ShellScript */ = {
			isa = PBXShellScriptBuildPhase;
			buildActionMask = 2147483647;
			files = (
			);
			inputPaths = (
			);
			outputPaths = (
			);
			runOnlyForDeploymentPostprocessing = 0;
			shellPath = /bin/sh;
			shellScript = "TAGS=\"TODO:|FIXME:\"\necho \"searching ${SRCROOT} for ${TAGS}\"\nfind \"${SRCROOT}\" \\( -name \"*.swift\" \\) -print0 | xargs -0 egrep --with-filename --line-number --only-matching \"($TAGS).*\\$\" | perl -p -e \"s/($TAGS)/ warning: \\$1/\"";
		};
/* End PBXShellScriptBuildPhase section */

/* Begin PBXSourcesBuildPhase section */
		1866A7EC2091B2E200ED9502 /* Sources */ = {
			isa = PBXSourcesBuildPhase;
			buildActionMask = 2147483647;
			files = (
				1866A7F62091B2E200ED9502 /* ViewController.swift in Sources */,
				1866A8222091B37600ED9502 /* ZLSwitchView.swift in Sources */,
				1866A7F42091B2E200ED9502 /* AppDelegate.swift in Sources */,
			);
			runOnlyForDeploymentPostprocessing = 0;
		};
		1866A8002091B2E300ED9502 /* Sources */ = {
			isa = PBXSourcesBuildPhase;
			buildActionMask = 2147483647;
			files = (
				1866A8092091B2E300ED9502 /* SwitchDemoTests.swift in Sources */,
			);
			runOnlyForDeploymentPostprocessing = 0;
		};
		1866A80B2091B2E300ED9502 /* Sources */ = {
			isa = PBXSourcesBuildPhase;
			buildActionMask = 2147483647;
			files = (
				1866A8142091B2E300ED9502 /* SwitchDemoUITests.swift in Sources */,
			);
			runOnlyForDeploymentPostprocessing = 0;
		};
/* End PBXSourcesBuildPhase section */

/* Begin PBXTargetDependency section */
		1866A8062091B2E300ED9502 /* PBXTargetDependency */ = {
			isa = PBXTargetDependency;
			target = 1866A7EF2091B2E200ED9502 /* SwitchDemo */;
			targetProxy = 1866A8052091B2E300ED9502 /* PBXContainerItemProxy */;
		};
		1866A8112091B2E300ED9502 /* PBXTargetDependency */ = {
			isa = PBXTargetDependency;
			target = 1866A7EF2091B2E200ED9502 /* SwitchDemo */;
			targetProxy = 1866A8102091B2E300ED9502 /* PBXContainerItemProxy */;
		};
/* End PBXTargetDependency section */

/* Begin PBXVariantGroup section */
		1866A7F72091B2E200ED9502 /* Main.storyboard */ = {
			isa = PBXVariantGroup;
			children = (
				1866A7F82091B2E200ED9502 /* Base */,
			);
			name = Main.storyboard;
			sourceTree = "<group>";
		};
		1866A7FC2091B2E300ED9502 /* LaunchScreen.storyboard */ = {
			isa = PBXVariantGroup;
			children = (
				1866A7FD2091B2E300ED9502 /* Base */,
			);
			name = LaunchScreen.storyboard;
			sourceTree = "<group>";
		};
/* End PBXVariantGroup section */

/* Begin XCBuildConfiguration section */
		1866A8162091B2E300ED9502 /* Debug */ = {
			isa = XCBuildConfiguration;
			buildSettings = {
				ALWAYS_SEARCH_USER_PATHS = NO;
				CLANG_ANALYZER_NONNULL = YES;
				CLANG_ANALYZER_NUMBER_OBJECT_CONVERSION = YES_AGGRESSIVE;
				CLANG_CXX_LANGUAGE_STANDARD = "gnu++14";
				CLANG_CXX_LIBRARY = "libc++";
				CLANG_ENABLE_MODULES = YES;
				CLANG_ENABLE_OBJC_ARC = YES;
				CLANG_ENABLE_OBJC_WEAK = YES;
				CLANG_WARN_BLOCK_CAPTURE_AUTORELEASING = YES;
				CLANG_WARN_BOOL_CONVERSION = YES;
				CLANG_WARN_COMMA = YES;
				CLANG_WARN_CONSTANT_CONVERSION = YES;
				CLANG_WARN_DEPRECATED_OBJC_IMPLEMENTATIONS = YES;
				CLANG_WARN_DIRECT_OBJC_ISA_USAGE = YES_ERROR;
				CLANG_WARN_DOCUMENTATION_COMMENTS = YES;
				CLANG_WARN_EMPTY_BODY = YES;
				CLANG_WARN_ENUM_CONVERSION = YES;
				CLANG_WARN_INFINITE_RECURSION = YES;
				CLANG_WARN_INT_CONVERSION = YES;
				CLANG_WARN_NON_LITERAL_NULL_CONVERSION = YES;
				CLANG_WARN_OBJC_IMPLICIT_RETAIN_SELF = YES;
				CLANG_WARN_OBJC_LITERAL_CONVERSION = YES;
				CLANG_WARN_OBJC_ROOT_CLASS = YES_ERROR;
				CLANG_WARN_RANGE_LOOP_ANALYSIS = YES;
				CLANG_WARN_STRICT_PROTOTYPES = YES;
				CLANG_WARN_SUSPICIOUS_MOVE = YES;
				CLANG_WARN_UNGUARDED_AVAILABILITY = YES_AGGRESSIVE;
				CLANG_WARN_UNREACHABLE_CODE = YES;
				CLANG_WARN__DUPLICATE_METHOD_MATCH = YES;
				CODE_SIGN_IDENTITY = "iPhone Developer";
				COPY_PHASE_STRIP = NO;
				DEBUG_INFORMATION_FORMAT = dwarf;
				ENABLE_STRICT_OBJC_MSGSEND = YES;
				ENABLE_TESTABILITY = YES;
				GCC_C_LANGUAGE_STANDARD = gnu11;
				GCC_DYNAMIC_NO_PIC = NO;
				GCC_NO_COMMON_BLOCKS = YES;
				GCC_OPTIMIZATION_LEVEL = 0;
				GCC_PREPROCESSOR_DEFINITIONS = (
					"DEBUG=1",
					"$(inherited)",
				);
				GCC_WARN_64_TO_32_BIT_CONVERSION = YES;
				GCC_WARN_ABOUT_RETURN_TYPE = YES_ERROR;
				GCC_WARN_UNDECLARED_SELECTOR = YES;
				GCC_WARN_UNINITIALIZED_AUTOS = YES_AGGRESSIVE;
				GCC_WARN_UNUSED_FUNCTION = YES;
				GCC_WARN_UNUSED_VARIABLE = YES;
				IPHONEOS_DEPLOYMENT_TARGET = 11.3;
				MTL_ENABLE_DEBUG_INFO = YES;
				ONLY_ACTIVE_ARCH = YES;
				SDKROOT = iphoneos;
				SWIFT_ACTIVE_COMPILATION_CONDITIONS = DEBUG;
				SWIFT_OPTIMIZATION_LEVEL = "-Onone";
			};
			name = Debug;
		};
		1866A8172091B2E300ED9502 /* Release */ = {
			isa = XCBuildConfiguration;
			buildSettings = {
				ALWAYS_SEARCH_USER_PATHS = NO;
				CLANG_ANALYZER_NONNULL = YES;
				CLANG_ANALYZER_NUMBER_OBJECT_CONVERSION = YES_AGGRESSIVE;
				CLANG_CXX_LANGUAGE_STANDARD = "gnu++14";
				CLANG_CXX_LIBRARY = "libc++";
				CLANG_ENABLE_MODULES = YES;
				CLANG_ENABLE_OBJC_ARC = YES;
				CLANG_ENABLE_OBJC_WEAK = YES;
				CLANG_WARN_BLOCK_CAPTURE_AUTORELEASING = YES;
				CLANG_WARN_BOOL_CONVERSION = YES;
				CLANG_WARN_COMMA = YES;
				CLANG_WARN_CONSTANT_CONVERSION = YES;
				CLANG_WARN_DEPRECATED_OBJC_IMPLEMENTATIONS = YES;
				CLANG_WARN_DIRECT_OBJC_ISA_USAGE = YES_ERROR;
				CLANG_WARN_DOCUMENTATION_COMMENTS = YES;
				CLANG_WARN_EMPTY_BODY = YES;
				CLANG_WARN_ENUM_CONVERSION = YES;
				CLANG_WARN_INFINITE_RECURSION = YES;
				CLANG_WARN_INT_CONVERSION = YES;
				CLANG_WARN_NON_LITERAL_NULL_CONVERSION = YES;
				CLANG_WARN_OBJC_IMPLICIT_RETAIN_SELF = YES;
				CLANG_WARN_OBJC_LITERAL_CONVERSION = YES;
				CLANG_WARN_OBJC_ROOT_CLASS = YES_ERROR;
				CLANG_WARN_RANGE_LOOP_ANALYSIS = YES;
				CLANG_WARN_STRICT_PROTOTYPES = YES;
				CLANG_WARN_SUSPICIOUS_MOVE = YES;
				CLANG_WARN_UNGUARDED_AVAILABILITY = YES_AGGRESSIVE;
				CLANG_WARN_UNREACHABLE_CODE = YES;
				CLANG_WARN__DUPLICATE_METHOD_MATCH = YES;
				CODE_SIGN_IDENTITY = "iPhone Developer";
				COPY_PHASE_STRIP = NO;
				DEBUG_INFORMATION_FORMAT = "dwarf-with-dsym";
				ENABLE_NS_ASSERTIONS = NO;
				ENABLE_STRICT_OBJC_MSGSEND = YES;
				GCC_C_LANGUAGE_STANDARD = gnu11;
				GCC_NO_COMMON_BLOCKS = YES;
				GCC_WARN_64_TO_32_BIT_CONVERSION = YES;
				GCC_WARN_ABOUT_RETURN_TYPE = YES_ERROR;
				GCC_WARN_UNDECLARED_SELECTOR = YES;
				GCC_WARN_UNINITIALIZED_AUTOS = YES_AGGRESSIVE;
				GCC_WARN_UNUSED_FUNCTION = YES;
				GCC_WARN_UNUSED_VARIABLE = YES;
				IPHONEOS_DEPLOYMENT_TARGET = 11.3;
				MTL_ENABLE_DEBUG_INFO = NO;
				SDKROOT = iphoneos;
				SWIFT_COMPILATION_MODE = wholemodule;
				SWIFT_OPTIMIZATION_LEVEL = "-O";
				VALIDATE_PRODUCT = YES;
			};
			name = Release;
		};
		1866A8192091B2E300ED9502 /* Debug */ = {
			isa = XCBuildConfiguration;
			buildSettings = {
				ASSETCATALOG_COMPILER_APPICON_NAME = AppIcon;
				CODE_SIGN_STYLE = Automatic;
				DEVELOPMENT_TEAM = 5F8C56Z9HH;
				INFOPLIST_FILE = SwitchDemo/Info.plist;
				LD_RUNPATH_SEARCH_PATHS = (
					"$(inherited)",
					"@executable_path/Frameworks",
				);
				PRODUCT_BUNDLE_IDENTIFIER = LittleShrimp.SwitchDemo;
				PRODUCT_NAME = "$(TARGET_NAME)";
				SWIFT_VERSION = 4.0;
				TARGETED_DEVICE_FAMILY = "1,2";
			};
			name = Debug;
		};
		1866A81A2091B2E300ED9502 /* Release */ = {
			isa = XCBuildConfiguration;
			buildSettings = {
				ASSETCATALOG_COMPILER_APPICON_NAME = AppIcon;
				CODE_SIGN_STYLE = Automatic;
				DEVELOPMENT_TEAM = 5F8C56Z9HH;
				INFOPLIST_FILE = SwitchDemo/Info.plist;
				LD_RUNPATH_SEARCH_PATHS = (
					"$(inherited)",
					"@executable_path/Frameworks",
				);
				PRODUCT_BUNDLE_IDENTIFIER = LittleShrimp.SwitchDemo;
				PRODUCT_NAME = "$(TARGET_NAME)";
				SWIFT_VERSION = 4.0;
				TARGETED_DEVICE_FAMILY = "1,2";
			};
			name = Release;
		};
		1866A81C2091B2E300ED9502 /* Debug */ = {
			isa = XCBuildConfiguration;
			buildSettings = {
				ALWAYS_EMBED_SWIFT_STANDARD_LIBRARIES = YES;
				BUNDLE_LOADER = "$(TEST_HOST)";
				CODE_SIGN_STYLE = Automatic;
				INFOPLIST_FILE = SwitchDemoTests/Info.plist;
				LD_RUNPATH_SEARCH_PATHS = (
					"$(inherited)",
					"@executable_path/Frameworks",
					"@loader_path/Frameworks",
				);
				PRODUCT_BUNDLE_IDENTIFIER = LittleShrimp.SwitchDemoTests;
				PRODUCT_NAME = "$(TARGET_NAME)";
				SWIFT_VERSION = 4.0;
				TARGETED_DEVICE_FAMILY = "1,2";
				TEST_HOST = "$(BUILT_PRODUCTS_DIR)/SwitchDemo.app/SwitchDemo";
			};
			name = Debug;
		};
		1866A81D2091B2E300ED9502 /* Release */ = {
			isa = XCBuildConfiguration;
			buildSettings = {
				ALWAYS_EMBED_SWIFT_STANDARD_LIBRARIES = YES;
				BUNDLE_LOADER = "$(TEST_HOST)";
				CODE_SIGN_STYLE = Automatic;
				INFOPLIST_FILE = SwitchDemoTests/Info.plist;
				LD_RUNPATH_SEARCH_PATHS = (
					"$(inherited)",
					"@executable_path/Frameworks",
					"@loader_path/Frameworks",
				);
				PRODUCT_BUNDLE_IDENTIFIER = LittleShrimp.SwitchDemoTests;
				PRODUCT_NAME = "$(TARGET_NAME)";
				SWIFT_VERSION = 4.0;
				TARGETED_DEVICE_FAMILY = "1,2";
				TEST_HOST = "$(BUILT_PRODUCTS_DIR)/SwitchDemo.app/SwitchDemo";
			};
			name = Release;
		};
		1866A81F2091B2E300ED9502 /* Debug */ = {
			isa = XCBuildConfiguration;
			buildSettings = {
				ALWAYS_EMBED_SWIFT_STANDARD_LIBRARIES = YES;
				CODE_SIGN_STYLE = Automatic;
				INFOPLIST_FILE = SwitchDemoUITests/Info.plist;
				LD_RUNPATH_SEARCH_PATHS = (
					"$(inherited)",
					"@executable_path/Frameworks",
					"@loader_path/Frameworks",
				);
				PRODUCT_BUNDLE_IDENTIFIER = LittleShrimp.SwitchDemoUITests;
				PRODUCT_NAME = "$(TARGET_NAME)";
				SWIFT_VERSION = 4.0;
				TARGETED_DEVICE_FAMILY = "1,2";
				TEST_TARGET_NAME = SwitchDemo;
			};
			name = Debug;
		};
		1866A8202091B2E300ED9502 /* Release */ = {
			isa = XCBuildConfiguration;
			buildSettings = {
				ALWAYS_EMBED_SWIFT_STANDARD_LIBRARIES = YES;
				CODE_SIGN_STYLE = Automatic;
				INFOPLIST_FILE = SwitchDemoUITests/Info.plist;
				LD_RUNPATH_SEARCH_PATHS = (
					"$(inherited)",
					"@executable_path/Frameworks",
					"@loader_path/Frameworks",
				);
				PRODUCT_BUNDLE_IDENTIFIER = LittleShrimp.SwitchDemoUITests;
				PRODUCT_NAME = "$(TARGET_NAME)";
				SWIFT_VERSION = 4.0;
				TARGETED_DEVICE_FAMILY = "1,2";
				TEST_TARGET_NAME = SwitchDemo;
			};
			name = Release;
		};
/* End XCBuildConfiguration section */

/* Begin XCConfigurationList section */
		1866A7EB2091B2E200ED9502 /* Build configuration list for PBXProject "SwitchDemo" */ = {
			isa = XCConfigurationList;
			buildConfigurations = (
				1866A8162091B2E300ED9502 /* Debug */,
				1866A8172091B2E300ED9502 /* Release */,
			);
			defaultConfigurationIsVisible = 0;
			defaultConfigurationName = Release;
		};
		1866A8182091B2E300ED9502 /* Build configuration list for PBXNativeTarget "SwitchDemo" */ = {
			isa = XCConfigurationList;
			buildConfigurations = (
				1866A8192091B2E300ED9502 /* Debug */,
				1866A81A2091B2E300ED9502 /* Release */,
			);
			defaultConfigurationIsVisible = 0;
			defaultConfigurationName = Release;
		};
		1866A81B2091B2E300ED9502 /* Build configuration list for PBXNativeTarget "SwitchDemoTests" */ = {
			isa = XCConfigurationList;
			buildConfigurations = (
				1866A81C2091B2E300ED9502 /* Debug */,
				1866A81D2091B2E300ED9502 /* Release */,
			);
			defaultConfigurationIsVisible = 0;
			defaultConfigurationName = Release;
		};
		1866A81E2091B2E300ED9502 /* Build configuration list for PBXNativeTarget "SwitchDemoUITests" */ = {
			isa = XCConfigurationList;
			buildConfigurations = (
				1866A81F2091B2E300ED9502 /* Debug */,
				1866A8202091B2E300ED9502 /* Release */,
			);
			defaultConfigurationIsVisible = 0;
			defaultConfigurationName = Release;
		};
/* End XCConfigurationList section */
	};
	rootObject = 1866A7E82091B2E200ED9502 /* Project object */;
}
